
Microsoft Visual Studio Solution File, Format Version 12.00
# Visual Studio Version 16
VisualStudioVersion = 16.0.30413.136
MinimumVisualStudioVersion = 10.0.40219.1
Project("{FAE04EC0-301F-11D3-BF4B-00C04F79EFBC}") = "RecruitCatAgarwadu", "RecruitCatAgarwadu\RecruitCatAgarwadu.csproj", "{DB309852-7CEE-4AFB-A7C6-2E160DE77763}"
EndProject
Global
	GlobalSection(SolutionConfigurationPlatforms) = preSolution
		Debug|Any CPU = Debug|Any CPU
		Release|Any CPU = Release|Any CPU
	EndGlobalSection
	GlobalSection(ProjectConfigurationPlatforms) = postSolution
		{DB309852-7CEE-4AFB-A7C6-2E160DE77763}.Debug|Any CPU.ActiveCfg = Debug|Any CPU
		{DB309852-7CEE-4AFB-A7C6-2E160DE77763}.Debug|Any CPU.Build.0 = Debug|Any CPU
		{DB309852-7CEE-4AFB-A7C6-2E160DE77763}.Release|Any CPU.ActiveCfg = Release|Any CPU
		{DB309852-7CEE-4AFB-A7C6-2E160DE77763}.Release|Any CPU.Build.0 = Release|Any CPU
	EndGlobalSection
	GlobalSection(SolutionProperties) = preSolution
		HideSolutionNode = FALSE
	EndGlobalSection
	GlobalSection(ExtensibilityGlobals) = postSolution
		SolutionGuid = {18660F08-3866-4472-9F74-04E88BEF8C2C}
	EndGlobalSection
EndGlobal
